
Microsoft Visual Studio Solution File, Format Version 12.00
# Visual Studio 15
VisualStudioVersion = 15.0.27130.2027
MinimumVisualStudioVersion = 10.0.40219.1
Project("{FAE04EC0-301F-11D3-BF4B-00C04F79EFBC}") = "WoWFormatTest", "WoWFormatTest\WoWFormatTest.csproj", "{3ED7F6F2-5A92-496A-9D87-60F56638C2A7}"
EndProject
Project("{FAE04EC0-301F-11D3-BF4B-00C04F79EFBC}") = "WoWFormatLib", "WoWFormatLib\WoWFormatLib.csproj", "{5DB0FB8F-0EAA-490A-AA7D-28AE010186A9}"
EndProject
Project("{FAE04EC0-301F-11D3-BF4B-00C04F79EFBC}") = "MinimapCompiler", "MinimapCompiler\MinimapCompiler.csproj", "{2E691D58-C03D-416A-A23E-16693862231D}"
EndProject
Project("{FAE04EC0-301F-11D3-BF4B-00C04F79EFBC}") = "ListfileGenerator", "ListfileGenerator\ListfileGenerator.csproj", "{80D8C866-F31B-4D28-9BDC-D5CFE02EB4D4}"
EndProject
Project("{FAE04EC0-301F-11D3-BF4B-00C04F79EFBC}") = "WoWOpenGL_SH", "WoWOpenGL_SH\WoWOpenGL_SH.csproj", "{80764950-B35D-4321-8B22-E8C76272523A}"
EndProject
Project("{FAE04EC0-301F-11D3-BF4B-00C04F79EFBC}") = "UltraDiffer3000", "UltraDiffer3000\UltraDiffer3000.csproj", "{40F099C9-BA29-4747-B6A8-F7DEE72A6DC0}"
EndProject
Project("{FAE04EC0-301F-11D3-BF4B-00C04F79EFBC}") = "QuickFNChecker", "QuickFNChecker\QuickFNChecker.csproj", "{73E6666B-EC0F-4054-A353-D73B849BA4E4}"
EndProject
Project("{FAE04EC0-301F-11D3-BF4B-00C04F79EFBC}") = "AreaAssignments", "AreaAssignments\AreaAssignments.csproj", "{FE1FABD3-4CBB-4A81-A3B3-C7CB26BADA09}"
EndProject
Project("{FAE04EC0-301F-11D3-BF4B-00C04F79EFBC}") = "OBJExporter", "OBJExporter\OBJExporter.csproj", "{F5DA3107-920F-4B67-95B9-F5CECEE4FDCB}"
EndProject
Project("{FAE04EC0-301F-11D3-BF4B-00C04F79EFBC}") = "OBJExporterUI", "OBJExporterUI\OBJExporterUI.csproj", "{436E7F98-9E8D-4F2F-9150-F48DBE14F2FA}"
EndProject
Project("{FAE04EC0-301F-11D3-BF4B-00C04F79EFBC}") = "MinimapUpdater", "MinimapUpdater\MinimapUpdater.csproj", "{2B18B914-9146-4AC9-9D36-938D9E6A1147}"
EndProject
Project("{FAE04EC0-301F-11D3-BF4B-00C04F79EFBC}") = "CASCDump", "CASCDump\CASCDump.csproj", "{1EAB9427-7DE1-4458-AD72-DC51E62CEB12}"
EndProject
Project("{9A19103F-16F7-4668-BE54-9A1E7A4F7556}") = "ExporterCLI", "ExporterCLI\ExporterCLI.csproj", "{6512EB7D-A427-4E43-8AC8-320C9564B21A}"
EndProject
Project("{9A19103F-16F7-4668-BE54-9A1E7A4F7556}") = "BLTEVerifier", "BLTEVerifier\BLTEVerifier.csproj", "{BCEF0057-3B5F-4C32-AF75-9481E8F72BEB}"
EndProject
Project("{9A19103F-16F7-4668-BE54-9A1E7A4F7556}") = "WorldMapCompiler", "WorldMapCompiler\WorldMapCompiler.csproj", "{0FB06E63-6F1F-4D1A-89C3-968925E3A618}"
EndProject
Project("{9A19103F-16F7-4668-BE54-9A1E7A4F7556}") = "DBCDump", "DBCDump\DBCDump.csproj", "{20165B46-02AA-4B99-97A7-0ADA1E33A4C2}"
EndProject
Project("{9A19103F-16F7-4668-BE54-9A1E7A4F7556}") = "MaxiMapCompiler", "MaxiMapCompiler\MaxiMapCompiler.csproj", "{FE9747AD-518B-4113-916E-3A98E8BE5318}"
EndProject
Project("{9A19103F-16F7-4668-BE54-9A1E7A4F7556}") = "InstallDump", "InstallDump\InstallDump.csproj", "{9D9830DA-4DB8-42FE-BB86-1FE0A694012F}"
EndProject
Project("{9A19103F-16F7-4668-BE54-9A1E7A4F7556}") = "WoWJsonDumper", "WoWJsonDumper\WoWJsonDumper.csproj", "{C2BC6C5A-91DB-4235-A3C6-A95A877418B9}"
EndProject
Project("{9A19103F-16F7-4668-BE54-9A1E7A4F7556}") = "MaxiMapCutter", "MaxiMapCutter\MaxiMapCutter.csproj", "{34A7EDC9-AC09-4EE2-B0D4-D685F7D864B3}"
EndProject
Project("{9A19103F-16F7-4668-BE54-9A1E7A4F7556}") = "MinimapTranslator", "MinimapTranslator\MinimapTranslator.csproj", "{07BE728F-0585-43FD-9B9E-B0A0041D8CDD}"
EndProject
Project("{9A19103F-16F7-4668-BE54-9A1E7A4F7556}") = "HotfixReader", "HotfixReader\HotfixReader.csproj", "{DCD2D8C1-403D-4538-9465-F9B540602458}"
EndProject
Project("{9A19103F-16F7-4668-BE54-9A1E7A4F7556}") = "HotfixUpdater", "HotfixUpdater\HotfixUpdater.csproj", "{E17E3761-BBF7-4660-833E-0B90DCC234E0}"
EndProject
Project("{9A19103F-16F7-4668-BE54-9A1E7A4F7556}") = "CascLibCore", "CASCExplorer\CascLibCore\CascLibCore.csproj", "{D22FF00E-1652-4DFF-A117-473B0849CE06}"
EndProject
Project("{9A19103F-16F7-4668-BE54-9A1E7A4F7556}") = "DBDefsLib", "WoWDBDefs\code\C#\DBDefsLib\DBDefsLib.csproj", "{2AE21733-B484-4988-94AE-BAD4EB1C3C59}"
EndProject
Project("{FAE04EC0-301F-11D3-BF4B-00C04F79EFBC}") = "CascStorageLib", "CascStorageLib\CascStorageLib\CascStorageLib.csproj", "{B7C4440C-CE8F-4EC1-9793-61958F2265DF}"
EndProject
Project("{FAE04EC0-301F-11D3-BF4B-00C04F79EFBC}") = "DBCDumpHost", "DBCDumpHost\DBCDumpHost.csproj", "{70E7CF7A-0AA3-4E5F-9934-24627F90D66A}"
EndProject
Global
	GlobalSection(SolutionConfigurationPlatforms) = preSolution
		Debug|Any CPU = Debug|Any CPU
		Debug|Mixed Platforms = Debug|Mixed Platforms
		Debug|x64 = Debug|x64
		Debug|x86 = Debug|x86
		DebugAnalysis|Any CPU = DebugAnalysis|Any CPU
		DebugAnalysis|Mixed Platforms = DebugAnalysis|Mixed Platforms
		DebugAnalysis|x64 = DebugAnalysis|x64
		DebugAnalysis|x86 = DebugAnalysis|x86
		Release|Any CPU = Release|Any CPU
		Release|Mixed Platforms = Release|Mixed Platforms
		Release|x64 = Release|x64
		Release|x86 = Release|x86
	EndGlobalSection
	GlobalSection(ProjectConfigurationPlatforms) = postSolution
		{3ED7F6F2-5A92-496A-9D87-60F56638C2A7}.Debug|Any CPU.ActiveCfg = Debug|Any CPU
		{3ED7F6F2-5A92-496A-9D87-60F56638C2A7}.Debug|Any CPU.Build.0 = Debug|Any CPU
		{3ED7F6F2-5A92-496A-9D87-60F56638C2A7}.Debug|Mixed Platforms.ActiveCfg = Debug|Any CPU
		{3ED7F6F2-5A92-496A-9D87-60F56638C2A7}.Debug|Mixed Platforms.Build.0 = Debug|Any CPU
		{3ED7F6F2-5A92-496A-9D87-60F56638C2A7}.Debug|x64.ActiveCfg = Debug|Any CPU
		{3ED7F6F2-5A92-496A-9D87-60F56638C2A7}.Debug|x86.ActiveCfg = Debug|Any CPU
		{3ED7F6F2-5A92-496A-9D87-60F56638C2A7}.DebugAnalysis|Any CPU.ActiveCfg = Debug|Any CPU
		{3ED7F6F2-5A92-496A-9D87-60F56638C2A7}.DebugAnalysis|Any CPU.Build.0 = Debug|Any CPU
		{3ED7F6F2-5A92-496A-9D87-60F56638C2A7}.DebugAnalysis|Mixed Platforms.ActiveCfg = Debug|Any CPU
		{3ED7F6F2-5A92-496A-9D87-60F56638C2A7}.DebugAnalysis|Mixed Platforms.Build.0 = Debug|Any CPU
		{3ED7F6F2-5A92-496A-9D87-60F56638C2A7}.DebugAnalysis|x64.ActiveCfg = Debug|Any CPU
		{3ED7F6F2-5A92-496A-9D87-60F56638C2A7}.DebugAnalysis|x64.Build.0 = Debug|Any CPU
		{3ED7F6F2-5A92-496A-9D87-60F56638C2A7}.DebugAnalysis|x86.ActiveCfg = Debug|Any CPU
		{3ED7F6F2-5A92-496A-9D87-60F56638C2A7}.DebugAnalysis|x86.Build.0 = Debug|Any CPU
		{3ED7F6F2-5A92-496A-9D87-60F56638C2A7}.Release|Any CPU.ActiveCfg = Release|Any CPU
		{3ED7F6F2-5A92-496A-9D87-60F56638C2A7}.Release|Any CPU.Build.0 = Release|Any CPU
		{3ED7F6F2-5A92-496A-9D87-60F56638C2A7}.Release|Mixed Platforms.ActiveCfg = Release|Any CPU
		{3ED7F6F2-5A92-496A-9D87-60F56638C2A7}.Release|Mixed Platforms.Build.0 = Release|Any CPU
		{3ED7F6F2-5A92-496A-9D87-60F56638C2A7}.Release|x64.ActiveCfg = Release|Any CPU
		{3ED7F6F2-5A92-496A-9D87-60F56638C2A7}.Release|x86.ActiveCfg = Release|Any CPU
		{5DB0FB8F-0EAA-490A-AA7D-28AE010186A9}.Debug|Any CPU.ActiveCfg = Debug|Any CPU
		{5DB0FB8F-0EAA-490A-AA7D-28AE010186A9}.Debug|Any CPU.Build.0 = Debug|Any CPU
		{5DB0FB8F-0EAA-490A-AA7D-28AE010186A9}.Debug|Mixed Platforms.ActiveCfg = Debug|Any CPU
		{5DB0FB8F-0EAA-490A-AA7D-28AE010186A9}.Debug|Mixed Platforms.Build.0 = Debug|Any CPU
		{5DB0FB8F-0EAA-490A-AA7D-28AE010186A9}.Debug|x64.ActiveCfg = Debug|Any CPU
		{5DB0FB8F-0EAA-490A-AA7D-28AE010186A9}.Debug|x64.Build.0 = Debug|Any CPU
		{5DB0FB8F-0EAA-490A-AA7D-28AE010186A9}.Debug|x86.ActiveCfg = Debug|Any CPU
		{5DB0FB8F-0EAA-490A-AA7D-28AE010186A9}.DebugAnalysis|Any CPU.ActiveCfg = Debug|Any CPU
		{5DB0FB8F-0EAA-490A-AA7D-28AE010186A9}.DebugAnalysis|Any CPU.Build.0 = Debug|Any CPU
		{5DB0FB8F-0EAA-490A-AA7D-28AE010186A9}.DebugAnalysis|Mixed Platforms.ActiveCfg = Debug|Any CPU
		{5DB0FB8F-0EAA-490A-AA7D-28AE010186A9}.DebugAnalysis|Mixed Platforms.Build.0 = Debug|Any CPU
		{5DB0FB8F-0EAA-490A-AA7D-28AE010186A9}.DebugAnalysis|x64.ActiveCfg = Debug|Any CPU
		{5DB0FB8F-0EAA-490A-AA7D-28AE010186A9}.DebugAnalysis|x64.Build.0 = Debug|Any CPU
		{5DB0FB8F-0EAA-490A-AA7D-28AE010186A9}.DebugAnalysis|x86.ActiveCfg = Debug|Any CPU
		{5DB0FB8F-0EAA-490A-AA7D-28AE010186A9}.DebugAnalysis|x86.Build.0 = Debug|Any CPU
		{5DB0FB8F-0EAA-490A-AA7D-28AE010186A9}.Release|Any CPU.ActiveCfg = Release|Any CPU
		{5DB0FB8F-0EAA-490A-AA7D-28AE010186A9}.Release|Any CPU.Build.0 = Release|Any CPU
		{5DB0FB8F-0EAA-490A-AA7D-28AE010186A9}.Release|Mixed Platforms.ActiveCfg = Release|Any CPU
		{5DB0FB8F-0EAA-490A-AA7D-28AE010186A9}.Release|Mixed Platforms.Build.0 = Release|Any CPU
		{5DB0FB8F-0EAA-490A-AA7D-28AE010186A9}.Release|x64.ActiveCfg = Release|Any CPU
		{5DB0FB8F-0EAA-490A-AA7D-28AE010186A9}.Release|x64.Build.0 = Release|Any CPU
		{5DB0FB8F-0EAA-490A-AA7D-28AE010186A9}.Release|x86.ActiveCfg = Release|Any CPU
		{2E691D58-C03D-416A-A23E-16693862231D}.Debug|Any CPU.ActiveCfg = Debug|Any CPU
		{2E691D58-C03D-416A-A23E-16693862231D}.Debug|Any CPU.Build.0 = Debug|Any CPU
		{2E691D58-C03D-416A-A23E-16693862231D}.Debug|Mixed Platforms.ActiveCfg = Debug|Any CPU
		{2E691D58-C03D-416A-A23E-16693862231D}.Debug|Mixed Platforms.Build.0 = Debug|Any CPU
		{2E691D58-C03D-416A-A23E-16693862231D}.Debug|x64.ActiveCfg = Debug|Any CPU
		{2E691D58-C03D-416A-A23E-16693862231D}.Debug|x64.Build.0 = Debug|Any CPU
		{2E691D58-C03D-416A-A23E-16693862231D}.Debug|x86.ActiveCfg = Debug|x86
		{2E691D58-C03D-416A-A23E-16693862231D}.Debug|x86.Build.0 = Debug|x86
		{2E691D58-C03D-416A-A23E-16693862231D}.DebugAnalysis|Any CPU.ActiveCfg = Debug|Any CPU
		{2E691D58-C03D-416A-A23E-16693862231D}.DebugAnalysis|Any CPU.Build.0 = Debug|Any CPU
		{2E691D58-C03D-416A-A23E-16693862231D}.DebugAnalysis|Mixed Platforms.ActiveCfg = Debug|x86
		{2E691D58-C03D-416A-A23E-16693862231D}.DebugAnalysis|Mixed Platforms.Build.0 = Debug|x86
		{2E691D58-C03D-416A-A23E-16693862231D}.DebugAnalysis|x64.ActiveCfg = Debug|Any CPU
		{2E691D58-C03D-416A-A23E-16693862231D}.DebugAnalysis|x64.Build.0 = Debug|Any CPU
		{2E691D58-C03D-416A-A23E-16693862231D}.DebugAnalysis|x86.ActiveCfg = Debug|x86
		{2E691D58-C03D-416A-A23E-16693862231D}.DebugAnalysis|x86.Build.0 = Debug|x86
		{2E691D58-C03D-416A-A23E-16693862231D}.Release|Any CPU.ActiveCfg = Release|Any CPU
		{2E691D58-C03D-416A-A23E-16693862231D}.Release|Any CPU.Build.0 = Release|Any CPU
		{2E691D58-C03D-416A-A23E-16693862231D}.Release|Mixed Platforms.ActiveCfg = Release|x86
		{2E691D58-C03D-416A-A23E-16693862231D}.Release|Mixed Platforms.Build.0 = Release|x86
		{2E691D58-C03D-416A-A23E-16693862231D}.Release|x64.ActiveCfg = Release|Any CPU
		{2E691D58-C03D-416A-A23E-16693862231D}.Release|x64.Build.0 = Release|Any CPU
		{2E691D58-C03D-416A-A23E-16693862231D}.Release|x86.ActiveCfg = Release|x86
		{2E691D58-C03D-416A-A23E-16693862231D}.Release|x86.Build.0 = Release|x86
		{80D8C866-F31B-4D28-9BDC-D5CFE02EB4D4}.Debug|Any CPU.ActiveCfg = Debug|Any CPU
		{80D8C866-F31B-4D28-9BDC-D5CFE02EB4D4}.Debug|Any CPU.Build.0 = Debug|Any CPU
		{80D8C866-F31B-4D28-9BDC-D5CFE02EB4D4}.Debug|Mixed Platforms.ActiveCfg = Debug|Any CPU
		{80D8C866-F31B-4D28-9BDC-D5CFE02EB4D4}.Debug|Mixed Platforms.Build.0 = Debug|Any CPU
		{80D8C866-F31B-4D28-9BDC-D5CFE02EB4D4}.Debug|x64.ActiveCfg = Debug|Any CPU
		{80D8C866-F31B-4D28-9BDC-D5CFE02EB4D4}.Debug|x86.ActiveCfg = Debug|Any CPU
		{80D8C866-F31B-4D28-9BDC-D5CFE02EB4D4}.DebugAnalysis|Any CPU.ActiveCfg = Debug|Any CPU
		{80D8C866-F31B-4D28-9BDC-D5CFE02EB4D4}.DebugAnalysis|Mixed Platforms.ActiveCfg = Debug|Any CPU
		{80D8C866-F31B-4D28-9BDC-D5CFE02EB4D4}.DebugAnalysis|x64.ActiveCfg = Debug|Any CPU
		{80D8C866-F31B-4D28-9BDC-D5CFE02EB4D4}.DebugAnalysis|x86.ActiveCfg = Debug|Any CPU
		{80D8C866-F31B-4D28-9BDC-D5CFE02EB4D4}.Release|Any CPU.ActiveCfg = Release|Any CPU
		{80D8C866-F31B-4D28-9BDC-D5CFE02EB4D4}.Release|Any CPU.Build.0 = Release|Any CPU
		{80D8C866-F31B-4D28-9BDC-D5CFE02EB4D4}.Release|Mixed Platforms.ActiveCfg = Release|Any CPU
		{80D8C866-F31B-4D28-9BDC-D5CFE02EB4D4}.Release|Mixed Platforms.Build.0 = Release|Any CPU
		{80D8C866-F31B-4D28-9BDC-D5CFE02EB4D4}.Release|x64.ActiveCfg = Release|Any CPU
		{80D8C866-F31B-4D28-9BDC-D5CFE02EB4D4}.Release|x86.ActiveCfg = Release|Any CPU
		{80764950-B35D-4321-8B22-E8C76272523A}.Debug|Any CPU.ActiveCfg = Debug|Any CPU
		{80764950-B35D-4321-8B22-E8C76272523A}.Debug|Any CPU.Build.0 = Debug|Any CPU
		{80764950-B35D-4321-8B22-E8C76272523A}.Debug|Mixed Platforms.ActiveCfg = Debug|Any CPU
		{80764950-B35D-4321-8B22-E8C76272523A}.Debug|Mixed Platforms.Build.0 = Debug|Any CPU
		{80764950-B35D-4321-8B22-E8C76272523A}.Debug|x64.ActiveCfg = Debug|Any CPU
		{80764950-B35D-4321-8B22-E8C76272523A}.Debug|x86.ActiveCfg = Debug|Any CPU
		{80764950-B35D-4321-8B22-E8C76272523A}.Debug|x86.Build.0 = Debug|Any CPU
		{80764950-B35D-4321-8B22-E8C76272523A}.DebugAnalysis|Any CPU.ActiveCfg = Debug|Any CPU
		{80764950-B35D-4321-8B22-E8C76272523A}.DebugAnalysis|Mixed Platforms.ActiveCfg = Debug|Any CPU
		{80764950-B35D-4321-8B22-E8C76272523A}.DebugAnalysis|x64.ActiveCfg = Debug|Any CPU
		{80764950-B35D-4321-8B22-E8C76272523A}.DebugAnalysis|x86.ActiveCfg = Debug|Any CPU
		{80764950-B35D-4321-8B22-E8C76272523A}.Release|Any CPU.ActiveCfg = Release|Any CPU
		{80764950-B35D-4321-8B22-E8C76272523A}.Release|Any CPU.Build.0 = Release|Any CPU
		{80764950-B35D-4321-8B22-E8C76272523A}.Release|Mixed Platforms.ActiveCfg = Release|Any CPU
		{80764950-B35D-4321-8B22-E8C76272523A}.Release|Mixed Platforms.Build.0 = Release|Any CPU
		{80764950-B35D-4321-8B22-E8C76272523A}.Release|x64.ActiveCfg = Release|Any CPU
		{80764950-B35D-4321-8B22-E8C76272523A}.Release|x86.ActiveCfg = Release|Any CPU
		{80764950-B35D-4321-8B22-E8C76272523A}.Release|x86.Build.0 = Release|Any CPU
		{40F099C9-BA29-4747-B6A8-F7DEE72A6DC0}.Debug|Any CPU.ActiveCfg = Debug|Any CPU
		{40F099C9-BA29-4747-B6A8-F7DEE72A6DC0}.Debug|Any CPU.Build.0 = Debug|Any CPU
		{40F099C9-BA29-4747-B6A8-F7DEE72A6DC0}.Debug|Mixed Platforms.ActiveCfg = Debug|Any CPU
		{40F099C9-BA29-4747-B6A8-F7DEE72A6DC0}.Debug|Mixed Platforms.Build.0 = Debug|Any CPU
		{40F099C9-BA29-4747-B6A8-F7DEE72A6DC0}.Debug|x64.ActiveCfg = Debug|Any CPU
		{40F099C9-BA29-4747-B6A8-F7DEE72A6DC0}.Debug|x86.ActiveCfg = Debug|Any CPU
		{40F099C9-BA29-4747-B6A8-F7DEE72A6DC0}.Debug|x86.Build.0 = Debug|Any CPU
		{40F099C9-BA29-4747-B6A8-F7DEE72A6DC0}.DebugAnalysis|Any CPU.ActiveCfg = Debug|Any CPU
		{40F099C9-BA29-4747-B6A8-F7DEE72A6DC0}.DebugAnalysis|Mixed Platforms.ActiveCfg = Debug|Any CPU
		{40F099C9-BA29-4747-B6A8-F7DEE72A6DC0}.DebugAnalysis|x64.ActiveCfg = Debug|Any CPU
		{40F099C9-BA29-4747-B6A8-F7DEE72A6DC0}.DebugAnalysis|x86.ActiveCfg = Debug|Any CPU
		{40F099C9-BA29-4747-B6A8-F7DEE72A6DC0}.Release|Any CPU.ActiveCfg = Release|Any CPU
		{40F099C9-BA29-4747-B6A8-F7DEE72A6DC0}.Release|Any CPU.Build.0 = Release|Any CPU
		{40F099C9-BA29-4747-B6A8-F7DEE72A6DC0}.Release|Mixed Platforms.ActiveCfg = Release|Any CPU
		{40F099C9-BA29-4747-B6A8-F7DEE72A6DC0}.Release|Mixed Platforms.Build.0 = Release|Any CPU
		{40F099C9-BA29-4747-B6A8-F7DEE72A6DC0}.Release|x64.ActiveCfg = Release|Any CPU
		{40F099C9-BA29-4747-B6A8-F7DEE72A6DC0}.Release|x86.ActiveCfg = Release|Any CPU
		{40F099C9-BA29-4747-B6A8-F7DEE72A6DC0}.Release|x86.Build.0 = Release|Any CPU
		{73E6666B-EC0F-4054-A353-D73B849BA4E4}.Debug|Any CPU.ActiveCfg = Debug|Any CPU
		{73E6666B-EC0F-4054-A353-D73B849BA4E4}.Debug|Any CPU.Build.0 = Debug|Any CPU
		{73E6666B-EC0F-4054-A353-D73B849BA4E4}.Debug|Mixed Platforms.ActiveCfg = Debug|Any CPU
		{73E6666B-EC0F-4054-A353-D73B849BA4E4}.Debug|Mixed Platforms.Build.0 = Debug|Any CPU
		{73E6666B-EC0F-4054-A353-D73B849BA4E4}.Debug|x64.ActiveCfg = Debug|Any CPU
		{73E6666B-EC0F-4054-A353-D73B849BA4E4}.Debug|x86.ActiveCfg = Debug|Any CPU
		{73E6666B-EC0F-4054-A353-D73B849BA4E4}.Debug|x86.Build.0 = Debug|Any CPU
		{73E6666B-EC0F-4054-A353-D73B849BA4E4}.DebugAnalysis|Any CPU.ActiveCfg = Debug|Any CPU
		{73E6666B-EC0F-4054-A353-D73B849BA4E4}.DebugAnalysis|Mixed Platforms.ActiveCfg = Debug|Any CPU
		{73E6666B-EC0F-4054-A353-D73B849BA4E4}.DebugAnalysis|x64.ActiveCfg = Debug|Any CPU
		{73E6666B-EC0F-4054-A353-D73B849BA4E4}.DebugAnalysis|x86.ActiveCfg = Debug|Any CPU
		{73E6666B-EC0F-4054-A353-D73B849BA4E4}.Release|Any CPU.ActiveCfg = Release|Any CPU
		{73E6666B-EC0F-4054-A353-D73B849BA4E4}.Release|Any CPU.Build.0 = Release|Any CPU
		{73E6666B-EC0F-4054-A353-D73B849BA4E4}.Release|Mixed Platforms.ActiveCfg = Release|Any CPU
		{73E6666B-EC0F-4054-A353-D73B849BA4E4}.Release|Mixed Platforms.Build.0 = Release|Any CPU
		{73E6666B-EC0F-4054-A353-D73B849BA4E4}.Release|x64.ActiveCfg = Release|Any CPU
		{73E6666B-EC0F-4054-A353-D73B849BA4E4}.Release|x86.ActiveCfg = Release|Any CPU
		{73E6666B-EC0F-4054-A353-D73B849BA4E4}.Release|x86.Build.0 = Release|Any CPU
		{FE1FABD3-4CBB-4A81-A3B3-C7CB26BADA09}.Debug|Any CPU.ActiveCfg = Debug|Any CPU
		{FE1FABD3-4CBB-4A81-A3B3-C7CB26BADA09}.Debug|Any CPU.Build.0 = Debug|Any CPU
		{FE1FABD3-4CBB-4A81-A3B3-C7CB26BADA09}.Debug|Mixed Platforms.ActiveCfg = Debug|Any CPU
		{FE1FABD3-4CBB-4A81-A3B3-C7CB26BADA09}.Debug|Mixed Platforms.Build.0 = Debug|Any CPU
		{FE1FABD3-4CBB-4A81-A3B3-C7CB26BADA09}.Debug|x64.ActiveCfg = Debug|Any CPU
		{FE1FABD3-4CBB-4A81-A3B3-C7CB26BADA09}.Debug|x86.ActiveCfg = Debug|Any CPU
		{FE1FABD3-4CBB-4A81-A3B3-C7CB26BADA09}.Debug|x86.Build.0 = Debug|Any CPU
		{FE1FABD3-4CBB-4A81-A3B3-C7CB26BADA09}.DebugAnalysis|Any CPU.ActiveCfg = Debug|Any CPU
		{FE1FABD3-4CBB-4A81-A3B3-C7CB26BADA09}.DebugAnalysis|Mixed Platforms.ActiveCfg = Debug|Any CPU
		{FE1FABD3-4CBB-4A81-A3B3-C7CB26BADA09}.DebugAnalysis|x64.ActiveCfg = Debug|Any CPU
		{FE1FABD3-4CBB-4A81-A3B3-C7CB26BADA09}.DebugAnalysis|x86.ActiveCfg = Debug|Any CPU
		{FE1FABD3-4CBB-4A81-A3B3-C7CB26BADA09}.Release|Any CPU.ActiveCfg = Release|Any CPU
		{FE1FABD3-4CBB-4A81-A3B3-C7CB26BADA09}.Release|Any CPU.Build.0 = Release|Any CPU
		{FE1FABD3-4CBB-4A81-A3B3-C7CB26BADA09}.Release|Mixed Platforms.ActiveCfg = Release|Any CPU
		{FE1FABD3-4CBB-4A81-A3B3-C7CB26BADA09}.Release|Mixed Platforms.Build.0 = Release|Any CPU
		{FE1FABD3-4CBB-4A81-A3B3-C7CB26BADA09}.Release|x64.ActiveCfg = Release|Any CPU
		{FE1FABD3-4CBB-4A81-A3B3-C7CB26BADA09}.Release|x86.ActiveCfg = Release|Any CPU
		{FE1FABD3-4CBB-4A81-A3B3-C7CB26BADA09}.Release|x86.Build.0 = Release|Any CPU
		{F5DA3107-920F-4B67-95B9-F5CECEE4FDCB}.Debug|Any CPU.ActiveCfg = Debug|Any CPU
		{F5DA3107-920F-4B67-95B9-F5CECEE4FDCB}.Debug|Any CPU.Build.0 = Debug|Any CPU
		{F5DA3107-920F-4B67-95B9-F5CECEE4FDCB}.Debug|Mixed Platforms.ActiveCfg = Debug|Any CPU
		{F5DA3107-920F-4B67-95B9-F5CECEE4FDCB}.Debug|Mixed Platforms.Build.0 = Debug|Any CPU
		{F5DA3107-920F-4B67-95B9-F5CECEE4FDCB}.Debug|x64.ActiveCfg = Debug|Any CPU
		{F5DA3107-920F-4B67-95B9-F5CECEE4FDCB}.Debug|x86.ActiveCfg = Debug|Any CPU
		{F5DA3107-920F-4B67-95B9-F5CECEE4FDCB}.Debug|x86.Build.0 = Debug|Any CPU
		{F5DA3107-920F-4B67-95B9-F5CECEE4FDCB}.DebugAnalysis|Any CPU.ActiveCfg = Debug|Any CPU
		{F5DA3107-920F-4B67-95B9-F5CECEE4FDCB}.DebugAnalysis|Mixed Platforms.ActiveCfg = Debug|Any CPU
		{F5DA3107-920F-4B67-95B9-F5CECEE4FDCB}.DebugAnalysis|x64.ActiveCfg = Debug|Any CPU
		{F5DA3107-920F-4B67-95B9-F5CECEE4FDCB}.DebugAnalysis|x86.ActiveCfg = Debug|Any CPU
		{F5DA3107-920F-4B67-95B9-F5CECEE4FDCB}.Release|Any CPU.ActiveCfg = Release|Any CPU
		{F5DA3107-920F-4B67-95B9-F5CECEE4FDCB}.Release|Any CPU.Build.0 = Release|Any CPU
		{F5DA3107-920F-4B67-95B9-F5CECEE4FDCB}.Release|Mixed Platforms.ActiveCfg = Release|Any CPU
		{F5DA3107-920F-4B67-95B9-F5CECEE4FDCB}.Release|Mixed Platforms.Build.0 = Release|Any CPU
		{F5DA3107-920F-4B67-95B9-F5CECEE4FDCB}.Release|x64.ActiveCfg = Release|Any CPU
		{F5DA3107-920F-4B67-95B9-F5CECEE4FDCB}.Release|x86.ActiveCfg = Release|Any CPU
		{F5DA3107-920F-4B67-95B9-F5CECEE4FDCB}.Release|x86.Build.0 = Release|Any CPU
		{436E7F98-9E8D-4F2F-9150-F48DBE14F2FA}.Debug|Any CPU.ActiveCfg = Debug|Any CPU
		{436E7F98-9E8D-4F2F-9150-F48DBE14F2FA}.Debug|Any CPU.Build.0 = Debug|Any CPU
		{436E7F98-9E8D-4F2F-9150-F48DBE14F2FA}.Debug|Mixed Platforms.ActiveCfg = Debug|Any CPU
		{436E7F98-9E8D-4F2F-9150-F48DBE14F2FA}.Debug|Mixed Platforms.Build.0 = Debug|Any CPU
		{436E7F98-9E8D-4F2F-9150-F48DBE14F2FA}.Debug|x64.ActiveCfg = Debug|Any CPU
		{436E7F98-9E8D-4F2F-9150-F48DBE14F2FA}.Debug|x64.Build.0 = Debug|Any CPU
		{436E7F98-9E8D-4F2F-9150-F48DBE14F2FA}.Debug|x86.ActiveCfg = Debug|Any CPU
		{436E7F98-9E8D-4F2F-9150-F48DBE14F2FA}.Debug|x86.Build.0 = Debug|Any CPU
		{436E7F98-9E8D-4F2F-9150-F48DBE14F2FA}.DebugAnalysis|Any CPU.ActiveCfg = Debug|Any CPU
		{436E7F98-9E8D-4F2F-9150-F48DBE14F2FA}.DebugAnalysis|Any CPU.Build.0 = Debug|Any CPU
		{436E7F98-9E8D-4F2F-9150-F48DBE14F2FA}.DebugAnalysis|Mixed Platforms.ActiveCfg = Debug|Any CPU
		{436E7F98-9E8D-4F2F-9150-F48DBE14F2FA}.DebugAnalysis|Mixed Platforms.Build.0 = Debug|Any CPU
		{436E7F98-9E8D-4F2F-9150-F48DBE14F2FA}.DebugAnalysis|x64.ActiveCfg = Debug|Any CPU
		{436E7F98-9E8D-4F2F-9150-F48DBE14F2FA}.DebugAnalysis|x64.Build.0 = Debug|Any CPU
		{436E7F98-9E8D-4F2F-9150-F48DBE14F2FA}.DebugAnalysis|x86.ActiveCfg = Debug|Any CPU
		{436E7F98-9E8D-4F2F-9150-F48DBE14F2FA}.DebugAnalysis|x86.Build.0 = Debug|Any CPU
		{436E7F98-9E8D-4F2F-9150-F48DBE14F2FA}.Release|Any CPU.ActiveCfg = Release|Any CPU
		{436E7F98-9E8D-4F2F-9150-F48DBE14F2FA}.Release|Any CPU.Build.0 = Release|Any CPU
		{436E7F98-9E8D-4F2F-9150-F48DBE14F2FA}.Release|Mixed Platforms.ActiveCfg = Release|Any CPU
		{436E7F98-9E8D-4F2F-9150-F48DBE14F2FA}.Release|Mixed Platforms.Build.0 = Release|Any CPU
		{436E7F98-9E8D-4F2F-9150-F48DBE14F2FA}.Release|x64.ActiveCfg = Release|Any CPU
		{436E7F98-9E8D-4F2F-9150-F48DBE14F2FA}.Release|x64.Build.0 = Release|Any CPU
		{436E7F98-9E8D-4F2F-9150-F48DBE14F2FA}.Release|x86.ActiveCfg = Release|Any CPU
		{436E7F98-9E8D-4F2F-9150-F48DBE14F2FA}.Release|x86.Build.0 = Release|Any CPU
		{2B18B914-9146-4AC9-9D36-938D9E6A1147}.Debug|Any CPU.ActiveCfg = Debug|Any CPU
		{2B18B914-9146-4AC9-9D36-938D9E6A1147}.Debug|Any CPU.Build.0 = Debug|Any CPU
		{2B18B914-9146-4AC9-9D36-938D9E6A1147}.Debug|Mixed Platforms.ActiveCfg = Debug|Any CPU
		{2B18B914-9146-4AC9-9D36-938D9E6A1147}.Debug|Mixed Platforms.Build.0 = Debug|Any CPU
		{2B18B914-9146-4AC9-9D36-938D9E6A1147}.Debug|x64.ActiveCfg = Debug|Any CPU
		{2B18B914-9146-4AC9-9D36-938D9E6A1147}.Debug|x86.ActiveCfg = Debug|Any CPU
		{2B18B914-9146-4AC9-9D36-938D9E6A1147}.Debug|x86.Build.0 = Debug|Any CPU
		{2B18B914-9146-4AC9-9D36-938D9E6A1147}.DebugAnalysis|Any CPU.ActiveCfg = Debug|Any CPU
		{2B18B914-9146-4AC9-9D36-938D9E6A1147}.DebugAnalysis|Any CPU.Build.0 = Debug|Any CPU
		{2B18B914-9146-4AC9-9D36-938D9E6A1147}.DebugAnalysis|Mixed Platforms.ActiveCfg = Debug|Any CPU
		{2B18B914-9146-4AC9-9D36-938D9E6A1147}.DebugAnalysis|Mixed Platforms.Build.0 = Debug|Any CPU
		{2B18B914-9146-4AC9-9D36-938D9E6A1147}.DebugAnalysis|x64.ActiveCfg = Debug|Any CPU
		{2B18B914-9146-4AC9-9D36-938D9E6A1147}.DebugAnalysis|x64.Build.0 = Debug|Any CPU
		{2B18B914-9146-4AC9-9D36-938D9E6A1147}.DebugAnalysis|x86.ActiveCfg = Debug|Any CPU
		{2B18B914-9146-4AC9-9D36-938D9E6A1147}.DebugAnalysis|x86.Build.0 = Debug|Any CPU
		{2B18B914-9146-4AC9-9D36-938D9E6A1147}.Release|Any CPU.ActiveCfg = Release|Any CPU
		{2B18B914-9146-4AC9-9D36-938D9E6A1147}.Release|Any CPU.Build.0 = Release|Any CPU
		{2B18B914-9146-4AC9-9D36-938D9E6A1147}.Release|Mixed Platforms.ActiveCfg = Release|Any CPU
		{2B18B914-9146-4AC9-9D36-938D9E6A1147}.Release|Mixed Platforms.Build.0 = Release|Any CPU
		{2B18B914-9146-4AC9-9D36-938D9E6A1147}.Release|x64.ActiveCfg = Release|Any CPU
		{2B18B914-9146-4AC9-9D36-938D9E6A1147}.Release|x86.ActiveCfg = Release|Any CPU
		{2B18B914-9146-4AC9-9D36-938D9E6A1147}.Release|x86.Build.0 = Release|Any CPU
		{1EAB9427-7DE1-4458-AD72-DC51E62CEB12}.Debug|Any CPU.ActiveCfg = Debug|Any CPU
		{1EAB9427-7DE1-4458-AD72-DC51E62CEB12}.Debug|Any CPU.Build.0 = Debug|Any CPU
		{1EAB9427-7DE1-4458-AD72-DC51E62CEB12}.Debug|Mixed Platforms.ActiveCfg = Debug|Any CPU
		{1EAB9427-7DE1-4458-AD72-DC51E62CEB12}.Debug|Mixed Platforms.Build.0 = Debug|Any CPU
		{1EAB9427-7DE1-4458-AD72-DC51E62CEB12}.Debug|x64.ActiveCfg = Debug|Any CPU
		{1EAB9427-7DE1-4458-AD72-DC51E62CEB12}.Debug|x86.ActiveCfg = Debug|Any CPU
		{1EAB9427-7DE1-4458-AD72-DC51E62CEB12}.Debug|x86.Build.0 = Debug|Any CPU
		{1EAB9427-7DE1-4458-AD72-DC51E62CEB12}.DebugAnalysis|Any CPU.ActiveCfg = Debug|Any CPU
		{1EAB9427-7DE1-4458-AD72-DC51E62CEB12}.DebugAnalysis|Mixed Platforms.ActiveCfg = Debug|Any CPU
		{1EAB9427-7DE1-4458-AD72-DC51E62CEB12}.DebugAnalysis|x64.ActiveCfg = Debug|Any CPU
		{1EAB9427-7DE1-4458-AD72-DC51E62CEB12}.DebugAnalysis|x86.ActiveCfg = Debug|Any CPU
		{1EAB9427-7DE1-4458-AD72-DC51E62CEB12}.Release|Any CPU.ActiveCfg = Release|Any CPU
		{1EAB9427-7DE1-4458-AD72-DC51E62CEB12}.Release|Any CPU.Build.0 = Release|Any CPU
		{1EAB9427-7DE1-4458-AD72-DC51E62CEB12}.Release|Mixed Platforms.ActiveCfg = Release|Any CPU
		{1EAB9427-7DE1-4458-AD72-DC51E62CEB12}.Release|Mixed Platforms.Build.0 = Release|Any CPU
		{1EAB9427-7DE1-4458-AD72-DC51E62CEB12}.Release|x64.ActiveCfg = Release|Any CPU
		{1EAB9427-7DE1-4458-AD72-DC51E62CEB12}.Release|x86.ActiveCfg = Release|Any CPU
		{1EAB9427-7DE1-4458-AD72-DC51E62CEB12}.Release|x86.Build.0 = Release|Any CPU
		{6512EB7D-A427-4E43-8AC8-320C9564B21A}.Debug|Any CPU.ActiveCfg = Debug|Any CPU
		{6512EB7D-A427-4E43-8AC8-320C9564B21A}.Debug|Any CPU.Build.0 = Debug|Any CPU
		{6512EB7D-A427-4E43-8AC8-320C9564B21A}.Debug|Mixed Platforms.ActiveCfg = Debug|Any CPU
		{6512EB7D-A427-4E43-8AC8-320C9564B21A}.Debug|Mixed Platforms.Build.0 = Debug|Any CPU
		{6512EB7D-A427-4E43-8AC8-320C9564B21A}.Debug|x64.ActiveCfg = Debug|Any CPU
		{6512EB7D-A427-4E43-8AC8-320C9564B21A}.Debug|x64.Build.0 = Debug|Any CPU
		{6512EB7D-A427-4E43-8AC8-320C9564B21A}.Debug|x86.ActiveCfg = Debug|Any CPU
		{6512EB7D-A427-4E43-8AC8-320C9564B21A}.Debug|x86.Build.0 = Debug|Any CPU
		{6512EB7D-A427-4E43-8AC8-320C9564B21A}.DebugAnalysis|Any CPU.ActiveCfg = Debug|Any CPU
		{6512EB7D-A427-4E43-8AC8-320C9564B21A}.DebugAnalysis|Any CPU.Build.0 = Debug|Any CPU
		{6512EB7D-A427-4E43-8AC8-320C9564B21A}.DebugAnalysis|Mixed Platforms.ActiveCfg = Debug|Any CPU
		{6512EB7D-A427-4E43-8AC8-320C9564B21A}.DebugAnalysis|Mixed Platforms.Build.0 = Debug|Any CPU
		{6512EB7D-A427-4E43-8AC8-320C9564B21A}.DebugAnalysis|x64.ActiveCfg = Debug|Any CPU
		{6512EB7D-A427-4E43-8AC8-320C9564B21A}.DebugAnalysis|x64.Build.0 = Debug|Any CPU
		{6512EB7D-A427-4E43-8AC8-320C9564B21A}.DebugAnalysis|x86.ActiveCfg = Debug|Any CPU
		{6512EB7D-A427-4E43-8AC8-320C9564B21A}.DebugAnalysis|x86.Build.0 = Debug|Any CPU
		{6512EB7D-A427-4E43-8AC8-320C9564B21A}.Release|Any CPU.ActiveCfg = Release|Any CPU
		{6512EB7D-A427-4E43-8AC8-320C9564B21A}.Release|Any CPU.Build.0 = Release|Any CPU
		{6512EB7D-A427-4E43-8AC8-320C9564B21A}.Release|Mixed Platforms.ActiveCfg = Release|Any CPU
		{6512EB7D-A427-4E43-8AC8-320C9564B21A}.Release|Mixed Platforms.Build.0 = Release|Any CPU
		{6512EB7D-A427-4E43-8AC8-320C9564B21A}.Release|x64.ActiveCfg = Release|Any CPU
		{6512EB7D-A427-4E43-8AC8-320C9564B21A}.Release|x64.Build.0 = Release|Any CPU
		{6512EB7D-A427-4E43-8AC8-320C9564B21A}.Release|x86.ActiveCfg = Release|Any CPU
		{6512EB7D-A427-4E43-8AC8-320C9564B21A}.Release|x86.Build.0 = Release|Any CPU
		{BCEF0057-3B5F-4C32-AF75-9481E8F72BEB}.Debug|Any CPU.ActiveCfg = Debug|Any CPU
		{BCEF0057-3B5F-4C32-AF75-9481E8F72BEB}.Debug|Any CPU.Build.0 = Debug|Any CPU
		{BCEF0057-3B5F-4C32-AF75-9481E8F72BEB}.Debug|Mixed Platforms.ActiveCfg = Debug|Any CPU
		{BCEF0057-3B5F-4C32-AF75-9481E8F72BEB}.Debug|Mixed Platforms.Build.0 = Debug|Any CPU
		{BCEF0057-3B5F-4C32-AF75-9481E8F72BEB}.Debug|x64.ActiveCfg = Debug|Any CPU
		{BCEF0057-3B5F-4C32-AF75-9481E8F72BEB}.Debug|x64.Build.0 = Debug|Any CPU
		{BCEF0057-3B5F-4C32-AF75-9481E8F72BEB}.Debug|x86.ActiveCfg = Debug|Any CPU
		{BCEF0057-3B5F-4C32-AF75-9481E8F72BEB}.Debug|x86.Build.0 = Debug|Any CPU
		{BCEF0057-3B5F-4C32-AF75-9481E8F72BEB}.DebugAnalysis|Any CPU.ActiveCfg = Debug|Any CPU
		{BCEF0057-3B5F-4C32-AF75-9481E8F72BEB}.DebugAnalysis|Any CPU.Build.0 = Debug|Any CPU
		{BCEF0057-3B5F-4C32-AF75-9481E8F72BEB}.DebugAnalysis|Mixed Platforms.ActiveCfg = Debug|Any CPU
		{BCEF0057-3B5F-4C32-AF75-9481E8F72BEB}.DebugAnalysis|Mixed Platforms.Build.0 = Debug|Any CPU
		{BCEF0057-3B5F-4C32-AF75-9481E8F72BEB}.DebugAnalysis|x64.ActiveCfg = Debug|Any CPU
		{BCEF0057-3B5F-4C32-AF75-9481E8F72BEB}.DebugAnalysis|x64.Build.0 = Debug|Any CPU
		{BCEF0057-3B5F-4C32-AF75-9481E8F72BEB}.DebugAnalysis|x86.ActiveCfg = Debug|Any CPU
		{BCEF0057-3B5F-4C32-AF75-9481E8F72BEB}.DebugAnalysis|x86.Build.0 = Debug|Any CPU
		{BCEF0057-3B5F-4C32-AF75-9481E8F72BEB}.Release|Any CPU.ActiveCfg = Release|Any CPU
		{BCEF0057-3B5F-4C32-AF75-9481E8F72BEB}.Release|Any CPU.Build.0 = Release|Any CPU
		{BCEF0057-3B5F-4C32-AF75-9481E8F72BEB}.Release|Mixed Platforms.ActiveCfg = Release|Any CPU
		{BCEF0057-3B5F-4C32-AF75-9481E8F72BEB}.Release|Mixed Platforms.Build.0 = Release|Any CPU
		{BCEF0057-3B5F-4C32-AF75-9481E8F72BEB}.Release|x64.ActiveCfg = Release|Any CPU
		{BCEF0057-3B5F-4C32-AF75-9481E8F72BEB}.Release|x64.Build.0 = Release|Any CPU
		{BCEF0057-3B5F-4C32-AF75-9481E8F72BEB}.Release|x86.ActiveCfg = Release|Any CPU
		{BCEF0057-3B5F-4C32-AF75-9481E8F72BEB}.Release|x86.Build.0 = Release|Any CPU
		{0FB06E63-6F1F-4D1A-89C3-968925E3A618}.Debug|Any CPU.ActiveCfg = Debug|Any CPU
		{0FB06E63-6F1F-4D1A-89C3-968925E3A618}.Debug|Any CPU.Build.0 = Debug|Any CPU
		{0FB06E63-6F1F-4D1A-89C3-968925E3A618}.Debug|Mixed Platforms.ActiveCfg = Debug|Any CPU
		{0FB06E63-6F1F-4D1A-89C3-968925E3A618}.Debug|Mixed Platforms.Build.0 = Debug|Any CPU
		{0FB06E63-6F1F-4D1A-89C3-968925E3A618}.Debug|x64.ActiveCfg = Debug|Any CPU
		{0FB06E63-6F1F-4D1A-89C3-968925E3A618}.Debug|x64.Build.0 = Debug|Any CPU
		{0FB06E63-6F1F-4D1A-89C3-968925E3A618}.Debug|x86.ActiveCfg = Debug|Any CPU
		{0FB06E63-6F1F-4D1A-89C3-968925E3A618}.Debug|x86.Build.0 = Debug|Any CPU
		{0FB06E63-6F1F-4D1A-89C3-968925E3A618}.DebugAnalysis|Any CPU.ActiveCfg = Debug|Any CPU
		{0FB06E63-6F1F-4D1A-89C3-968925E3A618}.DebugAnalysis|Any CPU.Build.0 = Debug|Any CPU
		{0FB06E63-6F1F-4D1A-89C3-968925E3A618}.DebugAnalysis|Mixed Platforms.ActiveCfg = Debug|Any CPU
		{0FB06E63-6F1F-4D1A-89C3-968925E3A618}.DebugAnalysis|Mixed Platforms.Build.0 = Debug|Any CPU
		{0FB06E63-6F1F-4D1A-89C3-968925E3A618}.DebugAnalysis|x64.ActiveCfg = Debug|Any CPU
		{0FB06E63-6F1F-4D1A-89C3-968925E3A618}.DebugAnalysis|x64.Build.0 = Debug|Any CPU
		{0FB06E63-6F1F-4D1A-89C3-968925E3A618}.DebugAnalysis|x86.ActiveCfg = Debug|Any CPU
		{0FB06E63-6F1F-4D1A-89C3-968925E3A618}.DebugAnalysis|x86.Build.0 = Debug|Any CPU
		{0FB06E63-6F1F-4D1A-89C3-968925E3A618}.Release|Any CPU.ActiveCfg = Release|Any CPU
		{0FB06E63-6F1F-4D1A-89C3-968925E3A618}.Release|Any CPU.Build.0 = Release|Any CPU
		{0FB06E63-6F1F-4D1A-89C3-968925E3A618}.Release|Mixed Platforms.ActiveCfg = Release|Any CPU
		{0FB06E63-6F1F-4D1A-89C3-968925E3A618}.Release|Mixed Platforms.Build.0 = Release|Any CPU
		{0FB06E63-6F1F-4D1A-89C3-968925E3A618}.Release|x64.ActiveCfg = Release|Any CPU
		{0FB06E63-6F1F-4D1A-89C3-968925E3A618}.Release|x64.Build.0 = Release|Any CPU
		{0FB06E63-6F1F-4D1A-89C3-968925E3A618}.Release|x86.ActiveCfg = Release|Any CPU
		{0FB06E63-6F1F-4D1A-89C3-968925E3A618}.Release|x86.Build.0 = Release|Any CPU
		{20165B46-02AA-4B99-97A7-0ADA1E33A4C2}.Debug|Any CPU.ActiveCfg = Debug|Any CPU
		{20165B46-02AA-4B99-97A7-0ADA1E33A4C2}.Debug|Any CPU.Build.0 = Debug|Any CPU
		{20165B46-02AA-4B99-97A7-0ADA1E33A4C2}.Debug|Mixed Platforms.ActiveCfg = Debug|Any CPU
		{20165B46-02AA-4B99-97A7-0ADA1E33A4C2}.Debug|Mixed Platforms.Build.0 = Debug|Any CPU
		{20165B46-02AA-4B99-97A7-0ADA1E33A4C2}.Debug|x64.ActiveCfg = Debug|Any CPU
		{20165B46-02AA-4B99-97A7-0ADA1E33A4C2}.Debug|x64.Build.0 = Debug|Any CPU
		{20165B46-02AA-4B99-97A7-0ADA1E33A4C2}.Debug|x86.ActiveCfg = Debug|Any CPU
		{20165B46-02AA-4B99-97A7-0ADA1E33A4C2}.Debug|x86.Build.0 = Debug|Any CPU
		{20165B46-02AA-4B99-97A7-0ADA1E33A4C2}.DebugAnalysis|Any CPU.ActiveCfg = Debug|Any CPU
		{20165B46-02AA-4B99-97A7-0ADA1E33A4C2}.DebugAnalysis|Any CPU.Build.0 = Debug|Any CPU
		{20165B46-02AA-4B99-97A7-0ADA1E33A4C2}.DebugAnalysis|Mixed Platforms.ActiveCfg = Debug|Any CPU
		{20165B46-02AA-4B99-97A7-0ADA1E33A4C2}.DebugAnalysis|Mixed Platforms.Build.0 = Debug|Any CPU
		{20165B46-02AA-4B99-97A7-0ADA1E33A4C2}.DebugAnalysis|x64.ActiveCfg = Debug|Any CPU
		{20165B46-02AA-4B99-97A7-0ADA1E33A4C2}.DebugAnalysis|x64.Build.0 = Debug|Any CPU
		{20165B46-02AA-4B99-97A7-0ADA1E33A4C2}.DebugAnalysis|x86.ActiveCfg = Debug|Any CPU
		{20165B46-02AA-4B99-97A7-0ADA1E33A4C2}.DebugAnalysis|x86.Build.0 = Debug|Any CPU
		{20165B46-02AA-4B99-97A7-0ADA1E33A4C2}.Release|Any CPU.ActiveCfg = Release|Any CPU
		{20165B46-02AA-4B99-97A7-0ADA1E33A4C2}.Release|Any CPU.Build.0 = Release|Any CPU
		{20165B46-02AA-4B99-97A7-0ADA1E33A4C2}.Release|Mixed Platforms.ActiveCfg = Release|Any CPU
		{20165B46-02AA-4B99-97A7-0ADA1E33A4C2}.Release|Mixed Platforms.Build.0 = Release|Any CPU
		{20165B46-02AA-4B99-97A7-0ADA1E33A4C2}.Release|x64.ActiveCfg = Release|Any CPU
		{20165B46-02AA-4B99-97A7-0ADA1E33A4C2}.Release|x64.Build.0 = Release|Any CPU
		{20165B46-02AA-4B99-97A7-0ADA1E33A4C2}.Release|x86.ActiveCfg = Release|Any CPU
		{20165B46-02AA-4B99-97A7-0ADA1E33A4C2}.Release|x86.Build.0 = Release|Any CPU
		{FE9747AD-518B-4113-916E-3A98E8BE5318}.Debug|Any CPU.ActiveCfg = Debug|Any CPU
		{FE9747AD-518B-4113-916E-3A98E8BE5318}.Debug|Any CPU.Build.0 = Debug|Any CPU
		{FE9747AD-518B-4113-916E-3A98E8BE5318}.Debug|Mixed Platforms.ActiveCfg = Debug|Any CPU
		{FE9747AD-518B-4113-916E-3A98E8BE5318}.Debug|Mixed Platforms.Build.0 = Debug|Any CPU
		{FE9747AD-518B-4113-916E-3A98E8BE5318}.Debug|x64.ActiveCfg = Debug|Any CPU
		{FE9747AD-518B-4113-916E-3A98E8BE5318}.Debug|x64.Build.0 = Debug|Any CPU
		{FE9747AD-518B-4113-916E-3A98E8BE5318}.Debug|x86.ActiveCfg = Debug|Any CPU
		{FE9747AD-518B-4113-916E-3A98E8BE5318}.Debug|x86.Build.0 = Debug|Any CPU
		{FE9747AD-518B-4113-916E-3A98E8BE5318}.DebugAnalysis|Any CPU.ActiveCfg = Debug|Any CPU
		{FE9747AD-518B-4113-916E-3A98E8BE5318}.DebugAnalysis|Any CPU.Build.0 = Debug|Any CPU
		{FE9747AD-518B-4113-916E-3A98E8BE5318}.DebugAnalysis|Mixed Platforms.ActiveCfg = Debug|Any CPU
		{FE9747AD-518B-4113-916E-3A98E8BE5318}.DebugAnalysis|Mixed Platforms.Build.0 = Debug|Any CPU
		{FE9747AD-518B-4113-916E-3A98E8BE5318}.DebugAnalysis|x64.ActiveCfg = Debug|Any CPU
		{FE9747AD-518B-4113-916E-3A98E8BE5318}.DebugAnalysis|x64.Build.0 = Debug|Any CPU
		{FE9747AD-518B-4113-916E-3A98E8BE5318}.DebugAnalysis|x86.ActiveCfg = Debug|Any CPU
		{FE9747AD-518B-4113-916E-3A98E8BE5318}.DebugAnalysis|x86.Build.0 = Debug|Any CPU
		{FE9747AD-518B-4113-916E-3A98E8BE5318}.Release|Any CPU.ActiveCfg = Release|Any CPU
		{FE9747AD-518B-4113-916E-3A98E8BE5318}.Release|Any CPU.Build.0 = Release|Any CPU
		{FE9747AD-518B-4113-916E-3A98E8BE5318}.Release|Mixed Platforms.ActiveCfg = Release|Any CPU
		{FE9747AD-518B-4113-916E-3A98E8BE5318}.Release|Mixed Platforms.Build.0 = Release|Any CPU
		{FE9747AD-518B-4113-916E-3A98E8BE5318}.Release|x64.ActiveCfg = Release|Any CPU
		{FE9747AD-518B-4113-916E-3A98E8BE5318}.Release|x64.Build.0 = Release|Any CPU
		{FE9747AD-518B-4113-916E-3A98E8BE5318}.Release|x86.ActiveCfg = Release|Any CPU
		{FE9747AD-518B-4113-916E-3A98E8BE5318}.Release|x86.Build.0 = Release|Any CPU
		{9D9830DA-4DB8-42FE-BB86-1FE0A694012F}.Debug|Any CPU.ActiveCfg = Debug|Any CPU
		{9D9830DA-4DB8-42FE-BB86-1FE0A694012F}.Debug|Any CPU.Build.0 = Debug|Any CPU
		{9D9830DA-4DB8-42FE-BB86-1FE0A694012F}.Debug|Mixed Platforms.ActiveCfg = Debug|Any CPU
		{9D9830DA-4DB8-42FE-BB86-1FE0A694012F}.Debug|Mixed Platforms.Build.0 = Debug|Any CPU
		{9D9830DA-4DB8-42FE-BB86-1FE0A694012F}.Debug|x64.ActiveCfg = Debug|Any CPU
		{9D9830DA-4DB8-42FE-BB86-1FE0A694012F}.Debug|x64.Build.0 = Debug|Any CPU
		{9D9830DA-4DB8-42FE-BB86-1FE0A694012F}.Debug|x86.ActiveCfg = Debug|Any CPU
		{9D9830DA-4DB8-42FE-BB86-1FE0A694012F}.Debug|x86.Build.0 = Debug|Any CPU
		{9D9830DA-4DB8-42FE-BB86-1FE0A694012F}.DebugAnalysis|Any CPU.ActiveCfg = Debug|Any CPU
		{9D9830DA-4DB8-42FE-BB86-1FE0A694012F}.DebugAnalysis|Any CPU.Build.0 = Debug|Any CPU
		{9D9830DA-4DB8-42FE-BB86-1FE0A694012F}.DebugAnalysis|Mixed Platforms.ActiveCfg = Debug|Any CPU
		{9D9830DA-4DB8-42FE-BB86-1FE0A694012F}.DebugAnalysis|Mixed Platforms.Build.0 = Debug|Any CPU
		{9D9830DA-4DB8-42FE-BB86-1FE0A694012F}.DebugAnalysis|x64.ActiveCfg = Debug|Any CPU
		{9D9830DA-4DB8-42FE-BB86-1FE0A694012F}.DebugAnalysis|x64.Build.0 = Debug|Any CPU
		{9D9830DA-4DB8-42FE-BB86-1FE0A694012F}.DebugAnalysis|x86.ActiveCfg = Debug|Any CPU
		{9D9830DA-4DB8-42FE-BB86-1FE0A694012F}.DebugAnalysis|x86.Build.0 = Debug|Any CPU
		{9D9830DA-4DB8-42FE-BB86-1FE0A694012F}.Release|Any CPU.ActiveCfg = Release|Any CPU
		{9D9830DA-4DB8-42FE-BB86-1FE0A694012F}.Release|Any CPU.Build.0 = Release|Any CPU
		{9D9830DA-4DB8-42FE-BB86-1FE0A694012F}.Release|Mixed Platforms.ActiveCfg = Release|Any CPU
		{9D9830DA-4DB8-42FE-BB86-1FE0A694012F}.Release|Mixed Platforms.Build.0 = Release|Any CPU
		{9D9830DA-4DB8-42FE-BB86-1FE0A694012F}.Release|x64.ActiveCfg = Release|Any CPU
		{9D9830DA-4DB8-42FE-BB86-1FE0A694012F}.Release|x64.Build.0 = Release|Any CPU
		{9D9830DA-4DB8-42FE-BB86-1FE0A694012F}.Release|x86.ActiveCfg = Release|Any CPU
		{9D9830DA-4DB8-42FE-BB86-1FE0A694012F}.Release|x86.Build.0 = Release|Any CPU
		{C2BC6C5A-91DB-4235-A3C6-A95A877418B9}.Debug|Any CPU.ActiveCfg = Debug|Any CPU
		{C2BC6C5A-91DB-4235-A3C6-A95A877418B9}.Debug|Any CPU.Build.0 = Debug|Any CPU
		{C2BC6C5A-91DB-4235-A3C6-A95A877418B9}.Debug|Mixed Platforms.ActiveCfg = Debug|Any CPU
		{C2BC6C5A-91DB-4235-A3C6-A95A877418B9}.Debug|Mixed Platforms.Build.0 = Debug|Any CPU
		{C2BC6C5A-91DB-4235-A3C6-A95A877418B9}.Debug|x64.ActiveCfg = Debug|Any CPU
		{C2BC6C5A-91DB-4235-A3C6-A95A877418B9}.Debug|x64.Build.0 = Debug|Any CPU
		{C2BC6C5A-91DB-4235-A3C6-A95A877418B9}.Debug|x86.ActiveCfg = Debug|Any CPU
		{C2BC6C5A-91DB-4235-A3C6-A95A877418B9}.Debug|x86.Build.0 = Debug|Any CPU
		{C2BC6C5A-91DB-4235-A3C6-A95A877418B9}.DebugAnalysis|Any CPU.ActiveCfg = Debug|Any CPU
		{C2BC6C5A-91DB-4235-A3C6-A95A877418B9}.DebugAnalysis|Any CPU.Build.0 = Debug|Any CPU
		{C2BC6C5A-91DB-4235-A3C6-A95A877418B9}.DebugAnalysis|Mixed Platforms.ActiveCfg = Debug|Any CPU
		{C2BC6C5A-91DB-4235-A3C6-A95A877418B9}.DebugAnalysis|Mixed Platforms.Build.0 = Debug|Any CPU
		{C2BC6C5A-91DB-4235-A3C6-A95A877418B9}.DebugAnalysis|x64.ActiveCfg = Debug|Any CPU
		{C2BC6C5A-91DB-4235-A3C6-A95A877418B9}.DebugAnalysis|x64.Build.0 = Debug|Any CPU
		{C2BC6C5A-91DB-4235-A3C6-A95A877418B9}.DebugAnalysis|x86.ActiveCfg = Debug|Any CPU
		{C2BC6C5A-91DB-4235-A3C6-A95A877418B9}.DebugAnalysis|x86.Build.0 = Debug|Any CPU
		{C2BC6C5A-91DB-4235-A3C6-A95A877418B9}.Release|Any CPU.ActiveCfg = Release|Any CPU
		{C2BC6C5A-91DB-4235-A3C6-A95A877418B9}.Release|Any CPU.Build.0 = Release|Any CPU
		{C2BC6C5A-91DB-4235-A3C6-A95A877418B9}.Release|Mixed Platforms.ActiveCfg = Release|Any CPU
		{C2BC6C5A-91DB-4235-A3C6-A95A877418B9}.Release|Mixed Platforms.Build.0 = Release|Any CPU
		{C2BC6C5A-91DB-4235-A3C6-A95A877418B9}.Release|x64.ActiveCfg = Release|Any CPU
		{C2BC6C5A-91DB-4235-A3C6-A95A877418B9}.Release|x64.Build.0 = Release|Any CPU
		{C2BC6C5A-91DB-4235-A3C6-A95A877418B9}.Release|x86.ActiveCfg = Release|Any CPU
		{C2BC6C5A-91DB-4235-A3C6-A95A877418B9}.Release|x86.Build.0 = Release|Any CPU
		{34A7EDC9-AC09-4EE2-B0D4-D685F7D864B3}.Debug|Any CPU.ActiveCfg = Debug|Any CPU
		{34A7EDC9-AC09-4EE2-B0D4-D685F7D864B3}.Debug|Any CPU.Build.0 = Debug|Any CPU
		{34A7EDC9-AC09-4EE2-B0D4-D685F7D864B3}.Debug|Mixed Platforms.ActiveCfg = Debug|Any CPU
		{34A7EDC9-AC09-4EE2-B0D4-D685F7D864B3}.Debug|Mixed Platforms.Build.0 = Debug|Any CPU
		{34A7EDC9-AC09-4EE2-B0D4-D685F7D864B3}.Debug|x64.ActiveCfg = Debug|Any CPU
		{34A7EDC9-AC09-4EE2-B0D4-D685F7D864B3}.Debug|x64.Build.0 = Debug|Any CPU
		{34A7EDC9-AC09-4EE2-B0D4-D685F7D864B3}.Debug|x86.ActiveCfg = Debug|Any CPU
		{34A7EDC9-AC09-4EE2-B0D4-D685F7D864B3}.Debug|x86.Build.0 = Debug|Any CPU
		{34A7EDC9-AC09-4EE2-B0D4-D685F7D864B3}.DebugAnalysis|Any CPU.ActiveCfg = Debug|Any CPU
		{34A7EDC9-AC09-4EE2-B0D4-D685F7D864B3}.DebugAnalysis|Any CPU.Build.0 = Debug|Any CPU
		{34A7EDC9-AC09-4EE2-B0D4-D685F7D864B3}.DebugAnalysis|Mixed Platforms.ActiveCfg = Debug|Any CPU
		{34A7EDC9-AC09-4EE2-B0D4-D685F7D864B3}.DebugAnalysis|Mixed Platforms.Build.0 = Debug|Any CPU
		{34A7EDC9-AC09-4EE2-B0D4-D685F7D864B3}.DebugAnalysis|x64.ActiveCfg = Debug|Any CPU
		{34A7EDC9-AC09-4EE2-B0D4-D685F7D864B3}.DebugAnalysis|x64.Build.0 = Debug|Any CPU
		{34A7EDC9-AC09-4EE2-B0D4-D685F7D864B3}.DebugAnalysis|x86.ActiveCfg = Debug|Any CPU
		{34A7EDC9-AC09-4EE2-B0D4-D685F7D864B3}.DebugAnalysis|x86.Build.0 = Debug|Any CPU
		{34A7EDC9-AC09-4EE2-B0D4-D685F7D864B3}.Release|Any CPU.ActiveCfg = Release|Any CPU
		{34A7EDC9-AC09-4EE2-B0D4-D685F7D864B3}.Release|Any CPU.Build.0 = Release|Any CPU
		{34A7EDC9-AC09-4EE2-B0D4-D685F7D864B3}.Release|Mixed Platforms.ActiveCfg = Release|Any CPU
		{34A7EDC9-AC09-4EE2-B0D4-D685F7D864B3}.Release|Mixed Platforms.Build.0 = Release|Any CPU
		{34A7EDC9-AC09-4EE2-B0D4-D685F7D864B3}.Release|x64.ActiveCfg = Release|Any CPU
		{34A7EDC9-AC09-4EE2-B0D4-D685F7D864B3}.Release|x64.Build.0 = Release|Any CPU
		{34A7EDC9-AC09-4EE2-B0D4-D685F7D864B3}.Release|x86.ActiveCfg = Release|Any CPU
		{34A7EDC9-AC09-4EE2-B0D4-D685F7D864B3}.Release|x86.Build.0 = Release|Any CPU
		{07BE728F-0585-43FD-9B9E-B0A0041D8CDD}.Debug|Any CPU.ActiveCfg = Debug|Any CPU
		{07BE728F-0585-43FD-9B9E-B0A0041D8CDD}.Debug|Any CPU.Build.0 = Debug|Any CPU
		{07BE728F-0585-43FD-9B9E-B0A0041D8CDD}.Debug|Mixed Platforms.ActiveCfg = Debug|Any CPU
		{07BE728F-0585-43FD-9B9E-B0A0041D8CDD}.Debug|Mixed Platforms.Build.0 = Debug|Any CPU
		{07BE728F-0585-43FD-9B9E-B0A0041D8CDD}.Debug|x64.ActiveCfg = Debug|Any CPU
		{07BE728F-0585-43FD-9B9E-B0A0041D8CDD}.Debug|x64.Build.0 = Debug|Any CPU
		{07BE728F-0585-43FD-9B9E-B0A0041D8CDD}.Debug|x86.ActiveCfg = Debug|Any CPU
		{07BE728F-0585-43FD-9B9E-B0A0041D8CDD}.Debug|x86.Build.0 = Debug|Any CPU
		{07BE728F-0585-43FD-9B9E-B0A0041D8CDD}.DebugAnalysis|Any CPU.ActiveCfg = Debug|Any CPU
		{07BE728F-0585-43FD-9B9E-B0A0041D8CDD}.DebugAnalysis|Any CPU.Build.0 = Debug|Any CPU
		{07BE728F-0585-43FD-9B9E-B0A0041D8CDD}.DebugAnalysis|Mixed Platforms.ActiveCfg = Debug|Any CPU
		{07BE728F-0585-43FD-9B9E-B0A0041D8CDD}.DebugAnalysis|Mixed Platforms.Build.0 = Debug|Any CPU
		{07BE728F-0585-43FD-9B9E-B0A0041D8CDD}.DebugAnalysis|x64.ActiveCfg = Debug|Any CPU
		{07BE728F-0585-43FD-9B9E-B0A0041D8CDD}.DebugAnalysis|x64.Build.0 = Debug|Any CPU
		{07BE728F-0585-43FD-9B9E-B0A0041D8CDD}.DebugAnalysis|x86.ActiveCfg = Debug|Any CPU
		{07BE728F-0585-43FD-9B9E-B0A0041D8CDD}.DebugAnalysis|x86.Build.0 = Debug|Any CPU
		{07BE728F-0585-43FD-9B9E-B0A0041D8CDD}.Release|Any CPU.ActiveCfg = Release|Any CPU
		{07BE728F-0585-43FD-9B9E-B0A0041D8CDD}.Release|Any CPU.Build.0 = Release|Any CPU
		{07BE728F-0585-43FD-9B9E-B0A0041D8CDD}.Release|Mixed Platforms.ActiveCfg = Release|Any CPU
		{07BE728F-0585-43FD-9B9E-B0A0041D8CDD}.Release|Mixed Platforms.Build.0 = Release|Any CPU
		{07BE728F-0585-43FD-9B9E-B0A0041D8CDD}.Release|x64.ActiveCfg = Release|Any CPU
		{07BE728F-0585-43FD-9B9E-B0A0041D8CDD}.Release|x64.Build.0 = Release|Any CPU
		{07BE728F-0585-43FD-9B9E-B0A0041D8CDD}.Release|x86.ActiveCfg = Release|Any CPU
		{07BE728F-0585-43FD-9B9E-B0A0041D8CDD}.Release|x86.Build.0 = Release|Any CPU
		{DCD2D8C1-403D-4538-9465-F9B540602458}.Debug|Any CPU.ActiveCfg = Debug|Any CPU
		{DCD2D8C1-403D-4538-9465-F9B540602458}.Debug|Any CPU.Build.0 = Debug|Any CPU
		{DCD2D8C1-403D-4538-9465-F9B540602458}.Debug|Mixed Platforms.ActiveCfg = Debug|Any CPU
		{DCD2D8C1-403D-4538-9465-F9B540602458}.Debug|Mixed Platforms.Build.0 = Debug|Any CPU
		{DCD2D8C1-403D-4538-9465-F9B540602458}.Debug|x64.ActiveCfg = Debug|Any CPU
		{DCD2D8C1-403D-4538-9465-F9B540602458}.Debug|x64.Build.0 = Debug|Any CPU
		{DCD2D8C1-403D-4538-9465-F9B540602458}.Debug|x86.ActiveCfg = Debug|Any CPU
		{DCD2D8C1-403D-4538-9465-F9B540602458}.Debug|x86.Build.0 = Debug|Any CPU
		{DCD2D8C1-403D-4538-9465-F9B540602458}.DebugAnalysis|Any CPU.ActiveCfg = Debug|Any CPU
		{DCD2D8C1-403D-4538-9465-F9B540602458}.DebugAnalysis|Any CPU.Build.0 = Debug|Any CPU
		{DCD2D8C1-403D-4538-9465-F9B540602458}.DebugAnalysis|Mixed Platforms.ActiveCfg = Debug|Any CPU
		{DCD2D8C1-403D-4538-9465-F9B540602458}.DebugAnalysis|Mixed Platforms.Build.0 = Debug|Any CPU
		{DCD2D8C1-403D-4538-9465-F9B540602458}.DebugAnalysis|x64.ActiveCfg = Debug|Any CPU
		{DCD2D8C1-403D-4538-9465-F9B540602458}.DebugAnalysis|x64.Build.0 = Debug|Any CPU
		{DCD2D8C1-403D-4538-9465-F9B540602458}.DebugAnalysis|x86.ActiveCfg = Debug|Any CPU
		{DCD2D8C1-403D-4538-9465-F9B540602458}.DebugAnalysis|x86.Build.0 = Debug|Any CPU
		{DCD2D8C1-403D-4538-9465-F9B540602458}.Release|Any CPU.ActiveCfg = Release|Any CPU
		{DCD2D8C1-403D-4538-9465-F9B540602458}.Release|Any CPU.Build.0 = Release|Any CPU
		{DCD2D8C1-403D-4538-9465-F9B540602458}.Release|Mixed Platforms.ActiveCfg = Release|Any CPU
		{DCD2D8C1-403D-4538-9465-F9B540602458}.Release|Mixed Platforms.Build.0 = Release|Any CPU
		{DCD2D8C1-403D-4538-9465-F9B540602458}.Release|x64.ActiveCfg = Release|Any CPU
		{DCD2D8C1-403D-4538-9465-F9B540602458}.Release|x64.Build.0 = Release|Any CPU
		{DCD2D8C1-403D-4538-9465-F9B540602458}.Release|x86.ActiveCfg = Release|Any CPU
		{DCD2D8C1-403D-4538-9465-F9B540602458}.Release|x86.Build.0 = Release|Any CPU
		{E17E3761-BBF7-4660-833E-0B90DCC234E0}.Debug|Any CPU.ActiveCfg = Debug|Any CPU
		{E17E3761-BBF7-4660-833E-0B90DCC234E0}.Debug|Any CPU.Build.0 = Debug|Any CPU
		{E17E3761-BBF7-4660-833E-0B90DCC234E0}.Debug|Mixed Platforms.ActiveCfg = Debug|Any CPU
		{E17E3761-BBF7-4660-833E-0B90DCC234E0}.Debug|Mixed Platforms.Build.0 = Debug|Any CPU
		{E17E3761-BBF7-4660-833E-0B90DCC234E0}.Debug|x64.ActiveCfg = Debug|Any CPU
		{E17E3761-BBF7-4660-833E-0B90DCC234E0}.Debug|x64.Build.0 = Debug|Any CPU
		{E17E3761-BBF7-4660-833E-0B90DCC234E0}.Debug|x86.ActiveCfg = Debug|Any CPU
		{E17E3761-BBF7-4660-833E-0B90DCC234E0}.Debug|x86.Build.0 = Debug|Any CPU
		{E17E3761-BBF7-4660-833E-0B90DCC234E0}.DebugAnalysis|Any CPU.ActiveCfg = Debug|Any CPU
		{E17E3761-BBF7-4660-833E-0B90DCC234E0}.DebugAnalysis|Any CPU.Build.0 = Debug|Any CPU
		{E17E3761-BBF7-4660-833E-0B90DCC234E0}.DebugAnalysis|Mixed Platforms.ActiveCfg = Debug|Any CPU
		{E17E3761-BBF7-4660-833E-0B90DCC234E0}.DebugAnalysis|Mixed Platforms.Build.0 = Debug|Any CPU
		{E17E3761-BBF7-4660-833E-0B90DCC234E0}.DebugAnalysis|x64.ActiveCfg = Debug|Any CPU
		{E17E3761-BBF7-4660-833E-0B90DCC234E0}.DebugAnalysis|x64.Build.0 = Debug|Any CPU
		{E17E3761-BBF7-4660-833E-0B90DCC234E0}.DebugAnalysis|x86.ActiveCfg = Debug|Any CPU
		{E17E3761-BBF7-4660-833E-0B90DCC234E0}.DebugAnalysis|x86.Build.0 = Debug|Any CPU
		{E17E3761-BBF7-4660-833E-0B90DCC234E0}.Release|Any CPU.ActiveCfg = Release|Any CPU
		{E17E3761-BBF7-4660-833E-0B90DCC234E0}.Release|Any CPU.Build.0 = Release|Any CPU
		{E17E3761-BBF7-4660-833E-0B90DCC234E0}.Release|Mixed Platforms.ActiveCfg = Release|Any CPU
		{E17E3761-BBF7-4660-833E-0B90DCC234E0}.Release|Mixed Platforms.Build.0 = Release|Any CPU
		{E17E3761-BBF7-4660-833E-0B90DCC234E0}.Release|x64.ActiveCfg = Release|Any CPU
		{E17E3761-BBF7-4660-833E-0B90DCC234E0}.Release|x64.Build.0 = Release|Any CPU
		{E17E3761-BBF7-4660-833E-0B90DCC234E0}.Release|x86.ActiveCfg = Release|Any CPU
		{E17E3761-BBF7-4660-833E-0B90DCC234E0}.Release|x86.Build.0 = Release|Any CPU
		{D22FF00E-1652-4DFF-A117-473B0849CE06}.Debug|Any CPU.ActiveCfg = Debug|Any CPU
		{D22FF00E-1652-4DFF-A117-473B0849CE06}.Debug|Any CPU.Build.0 = Debug|Any CPU
		{D22FF00E-1652-4DFF-A117-473B0849CE06}.Debug|Mixed Platforms.ActiveCfg = Debug|Any CPU
		{D22FF00E-1652-4DFF-A117-473B0849CE06}.Debug|Mixed Platforms.Build.0 = Debug|Any CPU
		{D22FF00E-1652-4DFF-A117-473B0849CE06}.Debug|x64.ActiveCfg = Debug|Any CPU
		{D22FF00E-1652-4DFF-A117-473B0849CE06}.Debug|x64.Build.0 = Debug|Any CPU
		{D22FF00E-1652-4DFF-A117-473B0849CE06}.Debug|x86.ActiveCfg = Debug|Any CPU
		{D22FF00E-1652-4DFF-A117-473B0849CE06}.Debug|x86.Build.0 = Debug|Any CPU
		{D22FF00E-1652-4DFF-A117-473B0849CE06}.DebugAnalysis|Any CPU.ActiveCfg = Debug|Any CPU
		{D22FF00E-1652-4DFF-A117-473B0849CE06}.DebugAnalysis|Any CPU.Build.0 = Debug|Any CPU
		{D22FF00E-1652-4DFF-A117-473B0849CE06}.DebugAnalysis|Mixed Platforms.ActiveCfg = Debug|Any CPU
		{D22FF00E-1652-4DFF-A117-473B0849CE06}.DebugAnalysis|Mixed Platforms.Build.0 = Debug|Any CPU
		{D22FF00E-1652-4DFF-A117-473B0849CE06}.DebugAnalysis|x64.ActiveCfg = Debug|Any CPU
		{D22FF00E-1652-4DFF-A117-473B0849CE06}.DebugAnalysis|x64.Build.0 = Debug|Any CPU
		{D22FF00E-1652-4DFF-A117-473B0849CE06}.DebugAnalysis|x86.ActiveCfg = Debug|Any CPU
		{D22FF00E-1652-4DFF-A117-473B0849CE06}.DebugAnalysis|x86.Build.0 = Debug|Any CPU
		{D22FF00E-1652-4DFF-A117-473B0849CE06}.Release|Any CPU.ActiveCfg = Release|Any CPU
		{D22FF00E-1652-4DFF-A117-473B0849CE06}.Release|Any CPU.Build.0 = Release|Any CPU
		{D22FF00E-1652-4DFF-A117-473B0849CE06}.Release|Mixed Platforms.ActiveCfg = Release|Any CPU
		{D22FF00E-1652-4DFF-A117-473B0849CE06}.Release|Mixed Platforms.Build.0 = Release|Any CPU
		{D22FF00E-1652-4DFF-A117-473B0849CE06}.Release|x64.ActiveCfg = Release|Any CPU
		{D22FF00E-1652-4DFF-A117-473B0849CE06}.Release|x64.Build.0 = Release|Any CPU
		{D22FF00E-1652-4DFF-A117-473B0849CE06}.Release|x86.ActiveCfg = Release|Any CPU
		{D22FF00E-1652-4DFF-A117-473B0849CE06}.Release|x86.Build.0 = Release|Any CPU
		{2AE21733-B484-4988-94AE-BAD4EB1C3C59}.Debug|Any CPU.ActiveCfg = Debug|Any CPU
		{2AE21733-B484-4988-94AE-BAD4EB1C3C59}.Debug|Any CPU.Build.0 = Debug|Any CPU
		{2AE21733-B484-4988-94AE-BAD4EB1C3C59}.Debug|Mixed Platforms.ActiveCfg = Debug|Any CPU
		{2AE21733-B484-4988-94AE-BAD4EB1C3C59}.Debug|Mixed Platforms.Build.0 = Debug|Any CPU
		{2AE21733-B484-4988-94AE-BAD4EB1C3C59}.Debug|x64.ActiveCfg = Debug|Any CPU
		{2AE21733-B484-4988-94AE-BAD4EB1C3C59}.Debug|x64.Build.0 = Debug|Any CPU
		{2AE21733-B484-4988-94AE-BAD4EB1C3C59}.Debug|x86.ActiveCfg = Debug|Any CPU
		{2AE21733-B484-4988-94AE-BAD4EB1C3C59}.Debug|x86.Build.0 = Debug|Any CPU
		{2AE21733-B484-4988-94AE-BAD4EB1C3C59}.DebugAnalysis|Any CPU.ActiveCfg = Debug|Any CPU
		{2AE21733-B484-4988-94AE-BAD4EB1C3C59}.DebugAnalysis|Any CPU.Build.0 = Debug|Any CPU
		{2AE21733-B484-4988-94AE-BAD4EB1C3C59}.DebugAnalysis|Mixed Platforms.ActiveCfg = Debug|Any CPU
		{2AE21733-B484-4988-94AE-BAD4EB1C3C59}.DebugAnalysis|Mixed Platforms.Build.0 = Debug|Any CPU
		{2AE21733-B484-4988-94AE-BAD4EB1C3C59}.DebugAnalysis|x64.ActiveCfg = Debug|Any CPU
		{2AE21733-B484-4988-94AE-BAD4EB1C3C59}.DebugAnalysis|x64.Build.0 = Debug|Any CPU
		{2AE21733-B484-4988-94AE-BAD4EB1C3C59}.DebugAnalysis|x86.ActiveCfg = Debug|Any CPU
		{2AE21733-B484-4988-94AE-BAD4EB1C3C59}.DebugAnalysis|x86.Build.0 = Debug|Any CPU
		{2AE21733-B484-4988-94AE-BAD4EB1C3C59}.Release|Any CPU.ActiveCfg = Release|Any CPU
		{2AE21733-B484-4988-94AE-BAD4EB1C3C59}.Release|Any CPU.Build.0 = Release|Any CPU
		{2AE21733-B484-4988-94AE-BAD4EB1C3C59}.Release|Mixed Platforms.ActiveCfg = Release|Any CPU
		{2AE21733-B484-4988-94AE-BAD4EB1C3C59}.Release|Mixed Platforms.Build.0 = Release|Any CPU
		{2AE21733-B484-4988-94AE-BAD4EB1C3C59}.Release|x64.ActiveCfg = Release|Any CPU
		{2AE21733-B484-4988-94AE-BAD4EB1C3C59}.Release|x64.Build.0 = Release|Any CPU
		{2AE21733-B484-4988-94AE-BAD4EB1C3C59}.Release|x86.ActiveCfg = Release|Any CPU
		{2AE21733-B484-4988-94AE-BAD4EB1C3C59}.Release|x86.Build.0 = Release|Any CPU
		{B7C4440C-CE8F-4EC1-9793-61958F2265DF}.Debug|Any CPU.ActiveCfg = Debug|Any CPU
		{B7C4440C-CE8F-4EC1-9793-61958F2265DF}.Debug|Any CPU.Build.0 = Debug|Any CPU
		{B7C4440C-CE8F-4EC1-9793-61958F2265DF}.Debug|Mixed Platforms.ActiveCfg = Debug|Any CPU
		{B7C4440C-CE8F-4EC1-9793-61958F2265DF}.Debug|Mixed Platforms.Build.0 = Debug|Any CPU
		{B7C4440C-CE8F-4EC1-9793-61958F2265DF}.Debug|x64.ActiveCfg = Debug|Any CPU
		{B7C4440C-CE8F-4EC1-9793-61958F2265DF}.Debug|x64.Build.0 = Debug|Any CPU
		{B7C4440C-CE8F-4EC1-9793-61958F2265DF}.Debug|x86.ActiveCfg = Debug|Any CPU
		{B7C4440C-CE8F-4EC1-9793-61958F2265DF}.Debug|x86.Build.0 = Debug|Any CPU
		{B7C4440C-CE8F-4EC1-9793-61958F2265DF}.DebugAnalysis|Any CPU.ActiveCfg = Debug|Any CPU
		{B7C4440C-CE8F-4EC1-9793-61958F2265DF}.DebugAnalysis|Any CPU.Build.0 = Debug|Any CPU
		{B7C4440C-CE8F-4EC1-9793-61958F2265DF}.DebugAnalysis|Mixed Platforms.ActiveCfg = Debug|Any CPU
		{B7C4440C-CE8F-4EC1-9793-61958F2265DF}.DebugAnalysis|Mixed Platforms.Build.0 = Debug|Any CPU
		{B7C4440C-CE8F-4EC1-9793-61958F2265DF}.DebugAnalysis|x64.ActiveCfg = Debug|Any CPU
		{B7C4440C-CE8F-4EC1-9793-61958F2265DF}.DebugAnalysis|x64.Build.0 = Debug|Any CPU
		{B7C4440C-CE8F-4EC1-9793-61958F2265DF}.DebugAnalysis|x86.ActiveCfg = Debug|Any CPU
		{B7C4440C-CE8F-4EC1-9793-61958F2265DF}.DebugAnalysis|x86.Build.0 = Debug|Any CPU
		{B7C4440C-CE8F-4EC1-9793-61958F2265DF}.Release|Any CPU.ActiveCfg = Release|Any CPU
		{B7C4440C-CE8F-4EC1-9793-61958F2265DF}.Release|Any CPU.Build.0 = Release|Any CPU
		{B7C4440C-CE8F-4EC1-9793-61958F2265DF}.Release|Mixed Platforms.ActiveCfg = Release|Any CPU
		{B7C4440C-CE8F-4EC1-9793-61958F2265DF}.Release|Mixed Platforms.Build.0 = Release|Any CPU
		{B7C4440C-CE8F-4EC1-9793-61958F2265DF}.Release|x64.ActiveCfg = Release|Any CPU
		{B7C4440C-CE8F-4EC1-9793-61958F2265DF}.Release|x64.Build.0 = Release|Any CPU
		{B7C4440C-CE8F-4EC1-9793-61958F2265DF}.Release|x86.ActiveCfg = Release|Any CPU
		{B7C4440C-CE8F-4EC1-9793-61958F2265DF}.Release|x86.Build.0 = Release|Any CPU
		{70E7CF7A-0AA3-4E5F-9934-24627F90D66A}.Debug|Any CPU.ActiveCfg = Debug|Any CPU
		{70E7CF7A-0AA3-4E5F-9934-24627F90D66A}.Debug|Any CPU.Build.0 = Debug|Any CPU
		{70E7CF7A-0AA3-4E5F-9934-24627F90D66A}.Debug|Mixed Platforms.ActiveCfg = Debug|Any CPU
		{70E7CF7A-0AA3-4E5F-9934-24627F90D66A}.Debug|Mixed Platforms.Build.0 = Debug|Any CPU
		{70E7CF7A-0AA3-4E5F-9934-24627F90D66A}.Debug|x64.ActiveCfg = Debug|Any CPU
		{70E7CF7A-0AA3-4E5F-9934-24627F90D66A}.Debug|x64.Build.0 = Debug|Any CPU
		{70E7CF7A-0AA3-4E5F-9934-24627F90D66A}.Debug|x86.ActiveCfg = Debug|Any CPU
		{70E7CF7A-0AA3-4E5F-9934-24627F90D66A}.Debug|x86.Build.0 = Debug|Any CPU
		{70E7CF7A-0AA3-4E5F-9934-24627F90D66A}.DebugAnalysis|Any CPU.ActiveCfg = Debug|Any CPU
		{70E7CF7A-0AA3-4E5F-9934-24627F90D66A}.DebugAnalysis|Any CPU.Build.0 = Debug|Any CPU
		{70E7CF7A-0AA3-4E5F-9934-24627F90D66A}.DebugAnalysis|Mixed Platforms.ActiveCfg = Debug|Any CPU
		{70E7CF7A-0AA3-4E5F-9934-24627F90D66A}.DebugAnalysis|Mixed Platforms.Build.0 = Debug|Any CPU
		{70E7CF7A-0AA3-4E5F-9934-24627F90D66A}.DebugAnalysis|x64.ActiveCfg = Debug|Any CPU
		{70E7CF7A-0AA3-4E5F-9934-24627F90D66A}.DebugAnalysis|x64.Build.0 = Debug|Any CPU
		{70E7CF7A-0AA3-4E5F-9934-24627F90D66A}.DebugAnalysis|x86.ActiveCfg = Debug|Any CPU
		{70E7CF7A-0AA3-4E5F-9934-24627F90D66A}.DebugAnalysis|x86.Build.0 = Debug|Any CPU
		{70E7CF7A-0AA3-4E5F-9934-24627F90D66A}.Release|Any CPU.ActiveCfg = Release|Any CPU
		{70E7CF7A-0AA3-4E5F-9934-24627F90D66A}.Release|Any CPU.Build.0 = Release|Any CPU
		{70E7CF7A-0AA3-4E5F-9934-24627F90D66A}.Release|Mixed Platforms.ActiveCfg = Release|Any CPU
		{70E7CF7A-0AA3-4E5F-9934-24627F90D66A}.Release|Mixed Platforms.Build.0 = Release|Any CPU
		{70E7CF7A-0AA3-4E5F-9934-24627F90D66A}.Release|x64.ActiveCfg = Release|Any CPU
		{70E7CF7A-0AA3-4E5F-9934-24627F90D66A}.Release|x64.Build.0 = Release|Any CPU
		{70E7CF7A-0AA3-4E5F-9934-24627F90D66A}.Release|x86.ActiveCfg = Release|Any CPU
		{70E7CF7A-0AA3-4E5F-9934-24627F90D66A}.Release|x86.Build.0 = Release|Any CPU
	EndGlobalSection
	GlobalSection(SolutionProperties) = preSolution
		HideSolutionNode = FALSE
	EndGlobalSection
	GlobalSection(ExtensibilityGlobals) = postSolution
		SolutionGuid = {462B38C9-0A3F-4533-A167-BE5EA3B3F414}
	EndGlobalSection
EndGlobal
